
Microsoft Visual Studio Solution File, Format Version 12.00
# Visual Studio Version 16
VisualStudioVersion = 16.0.30204.135
MinimumVisualStudioVersion = 10.0.40219.1
Project("{FAE04EC0-301F-11D3-BF4B-00C04F79EFBC}") = "RepasoFinalVentas", "RepasoFinalVentas.csproj", "{5CE2269A-D501-4E76-88E6-B805885609EA}"
EndProject
Global
	GlobalSection(SolutionConfigurationPlatforms) = preSolution
		Debug|Any CPU = Debug|Any CPU
		Release|Any CPU = Release|Any CPU
	EndGlobalSection
	GlobalSection(ProjectConfigurationPlatforms) = postSolution
		{5CE2269A-D501-4E76-88E6-B805885609EA}.Debug|Any CPU.ActiveCfg = Debug|Any CPU
		{5CE2269A-D501-4E76-88E6-B805885609EA}.Debug|Any CPU.Build.0 = Debug|Any CPU
		{5CE2269A-D501-4E76-88E6-B805885609EA}.Release|Any CPU.ActiveCfg = Release|Any CPU
		{5CE2269A-D501-4E76-88E6-B805885609EA}.Release|Any CPU.Build.0 = Release|Any CPU
	EndGlobalSection
	GlobalSection(SolutionProperties) = preSolution
		HideSolutionNode = FALSE
	EndGlobalSection
	GlobalSection(ExtensibilityGlobals) = postSolution
		SolutionGuid = {EED1516A-4B4A-47AB-8E2C-7C5F8980F677}
	EndGlobalSection
EndGlobal
